// !$*UTF8*$!
{
	archiveVersion = 1;
	classes = {
	};
	objectVersion = 56;
	objects = {

/* Begin PBXBuildFile section */
		8C9E69012B2A1AD100A67DF5 /* main.c in Sources */ = {isa = PBXBuildFile; fileRef = 8C9E69002B2A1AD100A67DF5 /* main.c */; };
		8C9E69062B2A1B2900A67DF5 /* libSDL2-2.0.0.dylib in Frameworks */ = {isa = PBXBuildFile; fileRef = 8C9E69052B2A1B2900A67DF5 /* libSDL2-2.0.0.dylib */; };
		8C9E690A2B2A1DC800A67DF5 /* libSDL2_ttf-2.0.0.dylib in Frameworks */ = {isa = PBXBuildFile; fileRef = 8C9E69092B2A1DC800A67DF5 /* libSDL2_ttf-2.0.0.dylib */; };
		8C9E690E2B2A1F4900A67DF5 /* draw_init.c in Sources */ = {isa = PBXBuildFile; fileRef = 8C9E690D2B2A1F4900A67DF5 /* draw_init.c */; };
		8C9E69102B2A203000A67DF5 /* draw_sdl.c in Sources */ = {isa = PBXBuildFile; fileRef = 8C9E690F2B2A203000A67DF5 /* draw_sdl.c */; };
		8CB298D82B339C68004DC718 /* draw_fcns.c in Sources */ = {isa = PBXBuildFile; fileRef = 8CB298D72B339C68004DC718 /* draw_fcns.c */; };
/* End PBXBuildFile section */

/* Begin PBXCopyFilesBuildPhase section */
		8C9E68F42B2A1AC100A67DF5 /* CopyFiles */ = {
			isa = PBXCopyFilesBuildPhase;
			buildActionMask = 2147483647;
			dstPath = /usr/share/man/man1/;
			dstSubfolderSpec = 0;
			files = (
			);
			runOnlyForDeploymentPostprocessing = 1;
		};
/* End PBXCopyFilesBuildPhase section */

/* Begin PBXFileReference section */
		8C9E68F62B2A1AC100A67DF5 /* pxload-demo */ = {isa = PBXFileReference; explicitFileType = "compiled.mach-o.executable"; includeInIndex = 0; path = "pxload-demo"; sourceTree = BUILT_PRODUCTS_DIR; };
		8C9E69002B2A1AD100A67DF5 /* main.c */ = {isa = PBXFileReference; lastKnownFileType = sourcecode.c.c; path = main.c; sourceTree = "<group>"; };
		8C9E69032B2A1B1800A67DF5 /* bin */ = {isa = PBXFileReference; lastKnownFileType = folder; name = bin; path = ../../../../../opt/homebrew/Cellar/sdl2/2.28.5/bin; sourceTree = "<group>"; };
		8C9E69052B2A1B2900A67DF5 /* libSDL2-2.0.0.dylib */ = {isa = PBXFileReference; lastKnownFileType = "compiled.mach-o.dylib"; name = "libSDL2-2.0.0.dylib"; path = "../../../../../opt/homebrew/Cellar/sdl2/2.28.5/lib/libSDL2-2.0.0.dylib"; sourceTree = "<group>"; };
		8C9E69092B2A1DC800A67DF5 /* libSDL2_ttf-2.0.0.dylib */ = {isa = PBXFileReference; lastKnownFileType = "compiled.mach-o.dylib"; name = "libSDL2_ttf-2.0.0.dylib"; path = "../../../../../opt/homebrew/Cellar/sdl2_ttf/2.20.2/lib/libSDL2_ttf-2.0.0.dylib"; sourceTree = "<group>"; };
		8C9E690C2B2A1E6400A67DF5 /* draw.h */ = {isa = PBXFileReference; lastKnownFileType = sourcecode.c.h; path = draw.h; sourceTree = "<group>"; };
		8C9E690D2B2A1F4900A67DF5 /* draw_init.c */ = {isa = PBXFileReference; lastKnownFileType = sourcecode.c.c; path = draw_init.c; sourceTree = "<group>"; };
		8C9E690F2B2A203000A67DF5 /* draw_sdl.c */ = {isa = PBXFileReference; lastKnownFileType = sourcecode.c.c; path = draw_sdl.c; sourceTree = "<group>"; };
		8CB298D72B339C68004DC718 /* draw_fcns.c */ = {isa = PBXFileReference; lastKnownFileType = sourcecode.c.c; path = draw_fcns.c; sourceTree = "<group>"; };
/* End PBXFileReference section */

/* Begin PBXFrameworksBuildPhase section */
		8C9E68F32B2A1AC100A67DF5 /* Frameworks */ = {
			isa = PBXFrameworksBuildPhase;
			buildActionMask = 2147483647;
			files = (
				8C9E690A2B2A1DC800A67DF5 /* libSDL2_ttf-2.0.0.dylib in Frameworks */,
				8C9E69062B2A1B2900A67DF5 /* libSDL2-2.0.0.dylib in Frameworks */,
			);
			runOnlyForDeploymentPostprocessing = 0;
		};
/* End PBXFrameworksBuildPhase section */

/* Begin PBXGroup section */
		8C9E68ED2B2A1AC100A67DF5 = {
			isa = PBXGroup;
			children = (
				8C9E690B2B2A1E5500A67DF5 /* draw */,
				8C9E69002B2A1AD100A67DF5 /* main.c */,
				8C9E68F72B2A1AC100A67DF5 /* Products */,
				8C9E69022B2A1AFF00A67DF5 /* Frameworks */,
			);
			sourceTree = "<group>";
		};
		8C9E68F72B2A1AC100A67DF5 /* Products */ = {
			isa = PBXGroup;
			children = (
				8C9E68F62B2A1AC100A67DF5 /* pxload-demo */,
			);
			name = Products;
			sourceTree = "<group>";
		};
		8C9E69022B2A1AFF00A67DF5 /* Frameworks */ = {
			isa = PBXGroup;
			children = (
				8C9E69092B2A1DC800A67DF5 /* libSDL2_ttf-2.0.0.dylib */,
				8C9E69052B2A1B2900A67DF5 /* libSDL2-2.0.0.dylib */,
				8C9E69032B2A1B1800A67DF5 /* bin */,
			);
			name = Frameworks;
			sourceTree = "<group>";
		};
		8C9E690B2B2A1E5500A67DF5 /* draw */ = {
			isa = PBXGroup;
			children = (
				8C9E690C2B2A1E6400A67DF5 /* draw.h */,
				8C9E690D2B2A1F4900A67DF5 /* draw_init.c */,
				8C9E690F2B2A203000A67DF5 /* draw_sdl.c */,
				8CB298D72B339C68004DC718 /* draw_fcns.c */,
			);
			path = draw;
			sourceTree = "<group>";
		};
/* End PBXGroup section */

/* Begin PBXNativeTarget section */
		8C9E68F52B2A1AC100A67DF5 /* pxload-demo */ = {
			isa = PBXNativeTarget;
			buildConfigurationList = 8C9E68FD2B2A1AC100A67DF5 /* Build configuration list for PBXNativeTarget "pxload-demo" */;
			buildPhases = (
				8C9E68F22B2A1AC100A67DF5 /* Sources */,
				8C9E68F32B2A1AC100A67DF5 /* Frameworks */,
				8C9E68F42B2A1AC100A67DF5 /* CopyFiles */,
			);
			buildRules = (
			);
			dependencies = (
			);
			name = "pxload-demo";
			productName = "pxload-demo";
			productReference = 8C9E68F62B2A1AC100A67DF5 /* pxload-demo */;
			productType = "com.apple.product-type.tool";
		};
/* End PBXNativeTarget section */

/* Begin PBXProject section */
		8C9E68EE2B2A1AC100A67DF5 /* Project object */ = {
			isa = PBXProject;
			attributes = {
				BuildIndependentTargetsInParallel = 1;
				LastUpgradeCheck = 1500;
				TargetAttributes = {
					8C9E68F52B2A1AC100A67DF5 = {
						CreatedOnToolsVersion = 15.0.1;
					};
				};
			};
			buildConfigurationList = 8C9E68F12B2A1AC100A67DF5 /* Build configuration list for PBXProject "pxload-demo" */;
			compatibilityVersion = "Xcode 14.0";
			developmentRegion = en;
			hasScannedForEncodings = 0;
			knownRegions = (
				en,
				Base,
			);
			mainGroup = 8C9E68ED2B2A1AC100A67DF5;
			productRefGroup = 8C9E68F72B2A1AC100A67DF5 /* Products */;
			projectDirPath = "";
			projectRoot = "";
			targets = (
				8C9E68F52B2A1AC100A67DF5 /* pxload-demo */,
			);
		};
/* End PBXProject section */

/* Begin PBXSourcesBuildPhase section */
		8C9E68F22B2A1AC100A67DF5 /* Sources */ = {
			isa = PBXSourcesBuildPhase;
			buildActionMask = 2147483647;
			files = (
				8C9E69102B2A203000A67DF5 /* draw_sdl.c in Sources */,
				8C9E69012B2A1AD100A67DF5 /* main.c in Sources */,
				8C9E690E2B2A1F4900A67DF5 /* draw_init.c in Sources */,
				8CB298D82B339C68004DC718 /* draw_fcns.c in Sources */,
			);
			runOnlyForDeploymentPostprocessing = 0;
		};
/* End PBXSourcesBuildPhase section */

/* Begin XCBuildConfiguration section */
		8C9E68FB2B2A1AC100A67DF5 /* Debug */ = {
			isa = XCBuildConfiguration;
			buildSettings = {
				ALWAYS_SEARCH_USER_PATHS = NO;
				ASSETCATALOG_COMPILER_GENERATE_SWIFT_ASSET_SYMBOL_EXTENSIONS = YES;
				CLANG_ANALYZER_NONNULL = YES;
				CLANG_ANALYZER_NUMBER_OBJECT_CONVERSION = YES_AGGRESSIVE;
				CLANG_CXX_LANGUAGE_STANDARD = "gnu++20";
				CLANG_ENABLE_MODULES = YES;
				CLANG_ENABLE_OBJC_ARC = YES;
				CLANG_ENABLE_OBJC_WEAK = YES;
				CLANG_WARN_BLOCK_CAPTURE_AUTORELEASING = YES;
				CLANG_WARN_BOOL_CONVERSION = YES;
				CLANG_WARN_COMMA = YES;
				CLANG_WARN_CONSTANT_CONVERSION = YES;
				CLANG_WARN_DEPRECATED_OBJC_IMPLEMENTATIONS = YES;
				CLANG_WARN_DIRECT_OBJC_ISA_USAGE = YES_ERROR;
				CLANG_WARN_DOCUMENTATION_COMMENTS = YES;
				CLANG_WARN_EMPTY_BODY = YES;
				CLANG_WARN_ENUM_CONVERSION = YES;
				CLANG_WARN_INFINITE_RECURSION = YES;
				CLANG_WARN_INT_CONVERSION = YES;
				CLANG_WARN_NON_LITERAL_NULL_CONVERSION = YES;
				CLANG_WARN_OBJC_IMPLICIT_RETAIN_SELF = YES;
				CLANG_WARN_OBJC_LITERAL_CONVERSION = YES;
				CLANG_WARN_OBJC_ROOT_CLASS = YES_ERROR;
				CLANG_WARN_QUOTED_INCLUDE_IN_FRAMEWORK_HEADER = YES;
				CLANG_WARN_RANGE_LOOP_ANALYSIS = YES;
				CLANG_WARN_STRICT_PROTOTYPES = YES;
				CLANG_WARN_SUSPICIOUS_MOVE = YES;
				CLANG_WARN_UNGUARDED_AVAILABILITY = YES_AGGRESSIVE;
				CLANG_WARN_UNREACHABLE_CODE = YES;
				CLANG_WARN__DUPLICATE_METHOD_MATCH = YES;
				COPY_PHASE_STRIP = NO;
				DEBUG_INFORMATION_FORMAT = dwarf;
				ENABLE_STRICT_OBJC_MSGSEND = YES;
				ENABLE_TESTABILITY = YES;
				ENABLE_USER_SCRIPT_SANDBOXING = YES;
				GCC_C_LANGUAGE_STANDARD = gnu17;
				GCC_DYNAMIC_NO_PIC = NO;
				GCC_NO_COMMON_BLOCKS = YES;
				GCC_OPTIMIZATION_LEVEL = 0;
				GCC_PREPROCESSOR_DEFINITIONS = (
					"DEBUG=1",
					"$(inherited)",
				);
				GCC_WARN_64_TO_32_BIT_CONVERSION = YES;
				GCC_WARN_ABOUT_RETURN_TYPE = YES_ERROR;
				GCC_WARN_UNDECLARED_SELECTOR = YES;
				GCC_WARN_UNINITIALIZED_AUTOS = YES_AGGRESSIVE;
				GCC_WARN_UNUSED_FUNCTION = YES;
				GCC_WARN_UNUSED_VARIABLE = YES;
				LOCALIZATION_PREFERS_STRING_CATALOGS = YES;
				MACOSX_DEPLOYMENT_TARGET = 14.0;
				MTL_ENABLE_DEBUG_INFO = INCLUDE_SOURCE;
				MTL_FAST_MATH = YES;
				ONLY_ACTIVE_ARCH = YES;
				SDKROOT = macosx;
			};
			name = Debug;
		};
		8C9E68FC2B2A1AC100A67DF5 /* Release */ = {
			isa = XCBuildConfiguration;
			buildSettings = {
				ALWAYS_SEARCH_USER_PATHS = NO;
				ASSETCATALOG_COMPILER_GENERATE_SWIFT_ASSET_SYMBOL_EXTENSIONS = YES;
				CLANG_ANALYZER_NONNULL = YES;
				CLANG_ANALYZER_NUMBER_OBJECT_CONVERSION = YES_AGGRESSIVE;
				CLANG_CXX_LANGUAGE_STANDARD = "gnu++20";
				CLANG_ENABLE_MODULES = YES;
				CLANG_ENABLE_OBJC_ARC = YES;
				CLANG_ENABLE_OBJC_WEAK = YES;
				CLANG_WARN_BLOCK_CAPTURE_AUTORELEASING = YES;
				CLANG_WARN_BOOL_CONVERSION = YES;
				CLANG_WARN_COMMA = YES;
				CLANG_WARN_CONSTANT_CONVERSION = YES;
				CLANG_WARN_DEPRECATED_OBJC_IMPLEMENTATIONS = YES;
				CLANG_WARN_DIRECT_OBJC_ISA_USAGE = YES_ERROR;
				CLANG_WARN_DOCUMENTATION_COMMENTS = YES;
				CLANG_WARN_EMPTY_BODY = YES;
				CLANG_WARN_ENUM_CONVERSION = YES;
				CLANG_WARN_INFINITE_RECURSION = YES;
				CLANG_WARN_INT_CONVERSION = YES;
				CLANG_WARN_NON_LITERAL_NULL_CONVERSION = YES;
				CLANG_WARN_OBJC_IMPLICIT_RETAIN_SELF = YES;
				CLANG_WARN_OBJC_LITERAL_CONVERSION = YES;
				CLANG_WARN_OBJC_ROOT_CLASS = YES_ERROR;
				CLANG_WARN_QUOTED_INCLUDE_IN_FRAMEWORK_HEADER = YES;
				CLANG_WARN_RANGE_LOOP_ANALYSIS = YES;
				CLANG_WARN_STRICT_PROTOTYPES = YES;
				CLANG_WARN_SUSPICIOUS_MOVE = YES;
				CLANG_WARN_UNGUARDED_AVAILABILITY = YES_AGGRESSIVE;
				CLANG_WARN_UNREACHABLE_CODE = YES;
				CLANG_WARN__DUPLICATE_METHOD_MATCH = YES;
				COPY_PHASE_STRIP = NO;
				DEBUG_INFORMATION_FORMAT = "dwarf-with-dsym";
				ENABLE_NS_ASSERTIONS = NO;
				ENABLE_STRICT_OBJC_MSGSEND = YES;
				ENABLE_USER_SCRIPT_SANDBOXING = YES;
				GCC_C_LANGUAGE_STANDARD = gnu17;
				GCC_NO_COMMON_BLOCKS = YES;
				GCC_WARN_64_TO_32_BIT_CONVERSION = YES;
				GCC_WARN_ABOUT_RETURN_TYPE = YES_ERROR;
				GCC_WARN_UNDECLARED_SELECTOR = YES;
				GCC_WARN_UNINITIALIZED_AUTOS = YES_AGGRESSIVE;
				GCC_WARN_UNUSED_FUNCTION = YES;
				GCC_WARN_UNUSED_VARIABLE = YES;
				LOCALIZATION_PREFERS_STRING_CATALOGS = YES;
				MACOSX_DEPLOYMENT_TARGET = 14.0;
				MTL_ENABLE_DEBUG_INFO = NO;
				MTL_FAST_MATH = YES;
				SDKROOT = macosx;
			};
			name = Release;
		};
		8C9E68FE2B2A1AC100A67DF5 /* Debug */ = {
			isa = XCBuildConfiguration;
			buildSettings = {
				CODE_SIGN_STYLE = Automatic;
				HEADER_SEARCH_PATHS = (
					/opt/homebrew/Cellar/sdl2/2.28.5/include/SDL2,
					/opt/homebrew/Cellar/sdl2_ttf/2.20.2/include/SDL2,
				);
				LIBRARY_SEARCH_PATHS = (
					"$(inherited)",
					/opt/homebrew/Cellar/sdl2/2.28.5/lib,
					/opt/homebrew/Cellar/sdl2_ttf/2.20.2/lib,
				);
				PRODUCT_NAME = "$(TARGET_NAME)";
			};
			name = Debug;
		};
		8C9E68FF2B2A1AC100A67DF5 /* Release */ = {
			isa = XCBuildConfiguration;
			buildSettings = {
				CODE_SIGN_STYLE = Automatic;
				HEADER_SEARCH_PATHS = (
					/opt/homebrew/Cellar/sdl2/2.28.5/include/SDL2,
					/opt/homebrew/Cellar/sdl2_ttf/2.20.2/include/SDL2,
				);
				LIBRARY_SEARCH_PATHS = (
					"$(inherited)",
					/opt/homebrew/Cellar/sdl2/2.28.5/lib,
					/opt/homebrew/Cellar/sdl2_ttf/2.20.2/lib,
				);
				PRODUCT_NAME = "$(TARGET_NAME)";
			};
			name = Release;
		};
/* End XCBuildConfiguration section */

/* Begin XCConfigurationList section */
		8C9E68F12B2A1AC100A67DF5 /* Build configuration list for PBXProject "pxload-demo" */ = {
			isa = XCConfigurationList;
			buildConfigurations = (
				8C9E68FB2B2A1AC100A67DF5 /* Debug */,
				8C9E68FC2B2A1AC100A67DF5 /* Release */,
			);
			defaultConfigurationIsVisible = 0;
			defaultConfigurationName = Release;
		};
		8C9E68FD2B2A1AC100A67DF5 /* Build configuration list for PBXNativeTarget "pxload-demo" */ = {
			isa = XCConfigurationList;
			buildConfigurations = (
				8C9E68FE2B2A1AC100A67DF5 /* Debug */,
				8C9E68FF2B2A1AC100A67DF5 /* Release */,
			);
			defaultConfigurationIsVisible = 0;
			defaultConfigurationName = Release;
		};
/* End XCConfigurationList section */
	};
	rootObject = 8C9E68EE2B2A1AC100A67DF5 /* Project object */;
}
